# This file is automatically @generated by Cargo.
# It is not intended for manual editing.
version = 4

[[package]]
name = "tessera-core"
version = "0.1.0"

[[package]]
name = "tessera-gateway"
version = "0.1.0"

[[package]]
name = "tessera-orch"
version = "0.1.0"

[[package]]
name = "tessera-proto"
version = "0.1.0"

[[package]]
name = "tessera-sim"
version = "0.1.0"

[[package]]
name = "tessera-worker"
version = "0.1.0"
